
Microsoft Visual Studio Solution File, Format Version 12.00
# Visual Studio Version 16
VisualStudioVersion = 16.0.30204.135
MinimumVisualStudioVersion = 10.0.40219.1
Project("{8BC9CEB8-8B4A-11D0-8D11-00A0C91BC942}") = "Binom", "Discrete2\Discrete2.vcxproj", "{89A2F093-C07D-4895-B08D-1F2CA01F9DDF}"
EndProject
Project("{8BC9CEB8-8B4A-11D0-8D11-00A0C91BC942}") = "Polinom", "Polinom\Polinom.vcxproj", "{86289E1C-EFD7-45F8-B57C-BFB79159A289}"
EndProject
Global
	GlobalSection(SolutionConfigurationPlatforms) = preSolution
		Debug|x64 = Debug|x64
		Debug|x86 = Debug|x86
		Release|x64 = Release|x64
		Release|x86 = Release|x86
	EndGlobalSection
	GlobalSection(ProjectConfigurationPlatforms) = postSolution
		{89A2F093-C07D-4895-B08D-1F2CA01F9DDF}.Debug|x64.ActiveCfg = Debug|x64
		{89A2F093-C07D-4895-B08D-1F2CA01F9DDF}.Debug|x64.Build.0 = Debug|x64
		{89A2F093-C07D-4895-B08D-1F2CA01F9DDF}.Debug|x86.ActiveCfg = Debug|Win32
		{89A2F093-C07D-4895-B08D-1F2CA01F9DDF}.Debug|x86.Build.0 = Debug|Win32
		{89A2F093-C07D-4895-B08D-1F2CA01F9DDF}.Release|x64.ActiveCfg = Release|x64
		{89A2F093-C07D-4895-B08D-1F2CA01F9DDF}.Release|x64.Build.0 = Release|x64
		{89A2F093-C07D-4895-B08D-1F2CA01F9DDF}.Release|x86.ActiveCfg = Release|Win32
		{89A2F093-C07D-4895-B08D-1F2CA01F9DDF}.Release|x86.Build.0 = Release|Win32
		{86289E1C-EFD7-45F8-B57C-BFB79159A289}.Debug|x64.ActiveCfg = Debug|x64
		{86289E1C-EFD7-45F8-B57C-BFB79159A289}.Debug|x64.Build.0 = Debug|x64
		{86289E1C-EFD7-45F8-B57C-BFB79159A289}.Debug|x86.ActiveCfg = Debug|Win32
		{86289E1C-EFD7-45F8-B57C-BFB79159A289}.Debug|x86.Build.0 = Debug|Win32
		{86289E1C-EFD7-45F8-B57C-BFB79159A289}.Release|x64.ActiveCfg = Release|x64
		{86289E1C-EFD7-45F8-B57C-BFB79159A289}.Release|x64.Build.0 = Release|x64
		{86289E1C-EFD7-45F8-B57C-BFB79159A289}.Release|x86.ActiveCfg = Release|Win32
		{86289E1C-EFD7-45F8-B57C-BFB79159A289}.Release|x86.Build.0 = Release|Win32
	EndGlobalSection
	GlobalSection(SolutionProperties) = preSolution
		HideSolutionNode = FALSE
	EndGlobalSection
	GlobalSection(ExtensibilityGlobals) = postSolution
		SolutionGuid = {BF0955D0-599E-4FF7-AFBC-F54B8282F30A}
	EndGlobalSection
EndGlobal
